{
    "_readme": [
        "This file locks the dependencies of your project to a known state",
        "Read more about it at https://getcomposer.org/doc/01-basic-usage.md#installing-dependencies",
        "This file is @generated automatically"
    ],
    "content-hash": "0a106c2a2cca9475874c8dfddb8265d8",
    "packages": [
        {
            "name": "formr/formr",
            "version": "1.4.5",
            "source": {
                "type": "git",
                "url": "https://github.com/formr/Formr.git",
                "reference": "bf08c0f095277ff51f860e689f8b13bbcb54380e"
            },
            "dist": {
                "type": "zip",
                "url": "https://api.github.com/repos/formr/Formr/zipball/bf08c0f095277ff51f860e689f8b13bbcb54380e",
                "reference": "bf08c0f095277ff51f860e689f8b13bbcb54380e",
                "shasum": ""
            },
            "require": {
                "php": ">=5.6"
            },
            "type": "library",
            "autoload": {
                "files": [
                    "class.formr.php"
                ]
            },
            "notification-url": "https://packagist.org/downloads/",
            "license": [
                "GPL-2.0-only"
            ],
            "authors": [
                {
                    "name": "Tim Gavin",
                    "homepage": "https://formr.github.io",
                    "role": "Original Author"
                }
            ],
            "description": "Formr is a PHP micro-framework which helps you build and validate forms quickly, painlessly, and without all the messy overhead.",
            "support": {
                "issues": "https://github.com/formr/Formr/issues",
                "source": "https://github.com/formr/Formr/tree/1.4.5"
            },
            "funding": [
                {
                    "url": "https://github.com/timgavin",
                    "type": "github"
                }
            ],
            "time": "2022-06-23T23:51:40+00:00"
        }
    ],
    "packages-dev": [],
    "aliases": [],
    "minimum-stability": "stable",
    "stability-flags": [],
    "prefer-stable": false,
    "prefer-lowest": false,
    "platform": [],
    "platform-dev": [],
    "plugin-api-version": "2.3.0"
}
